
Microsoft Visual Studio Solution File, Format Version 12.00
# Visual Studio Version 17
VisualStudioVersion = 17.3.32901.215
MinimumVisualStudioVersion = 10.0.40219.1
Project("{FAE04EC0-301F-11D3-BF4B-00C04F79EFBC}") = "Producer", "Producer\Producer.csproj", "{E38D3EF1-4357-4DA0-8042-085E1D5EF1FB}"
EndProject
Global
	GlobalSection(SolutionConfigurationPlatforms) = preSolution
		Debug|Any CPU = Debug|Any CPU
		Release|Any CPU = Release|Any CPU
	EndGlobalSection
	GlobalSection(ProjectConfigurationPlatforms) = postSolution
		{E38D3EF1-4357-4DA0-8042-085E1D5EF1FB}.Debug|Any CPU.ActiveCfg = Debug|Any CPU
		{E38D3EF1-4357-4DA0-8042-085E1D5EF1FB}.Debug|Any CPU.Build.0 = Debug|Any CPU
		{E38D3EF1-4357-4DA0-8042-085E1D5EF1FB}.Release|Any CPU.ActiveCfg = Release|Any CPU
		{E38D3EF1-4357-4DA0-8042-085E1D5EF1FB}.Release|Any CPU.Build.0 = Release|Any CPU
	EndGlobalSection
	GlobalSection(SolutionProperties) = preSolution
		HideSolutionNode = FALSE
	EndGlobalSection
	GlobalSection(ExtensibilityGlobals) = postSolution
		SolutionGuid = {0816069B-5DC3-4A61-9122-DE7566516217}
	EndGlobalSection
EndGlobal
